
Microsoft Visual Studio Solution File, Format Version 12.00
# Visual Studio Version 17
VisualStudioVersion = 17.14.37531.7 d17.14
MinimumVisualStudioVersion = 10.0.40219.1
Project("{C9674DCB-5085-4A16-B785-4C70DD1589BD}") = "Ingestion_to_sql", "Ingestion_to_sql\Ingestion_to_sql.dtproj", "{73CA0A7F-45AA-47F9-52B5-20CA8D4E05F3}"
EndProject
Global
	GlobalSection(SolutionConfigurationPlatforms) = preSolution
		Development|Default = Development|Default
	EndGlobalSection
	GlobalSection(ProjectConfigurationPlatforms) = postSolution
		{73CA0A7F-45AA-47F9-52B5-20CA8D4E05F3}.Development|Default.ActiveCfg = Development
		{73CA0A7F-45AA-47F9-52B5-20CA8D4E05F3}.Development|Default.Build.0 = Development
	EndGlobalSection
	GlobalSection(SolutionProperties) = preSolution
		HideSolutionNode = FALSE
	EndGlobalSection
	GlobalSection(ExtensibilityGlobals) = postSolution
		SolutionGuid = {1646927E-B820-4A0E-ABEF-3594B9FB662A}
	EndGlobalSection
EndGlobal
